
Microsoft Visual Studio Solution File, Format Version 12.00
# Visual Studio Version 17
VisualStudioVersion = 17.1.32210.238
MinimumVisualStudioVersion = 10.0.40219.1
Project("{2150E333-8FDC-42A3-9474-1A3956D46DE8}") = "Services", "Services", "{A9DFC1A0-CF10-44B7-8CC1-D2C5483F0EEB}"
EndProject
Project("{2150E333-8FDC-42A3-9474-1A3956D46DE8}") = "Catalog", "Catalog", "{16E2D99E-C287-4C74-B11F-C38DB8A49464}"
EndProject
Project("{9A19103F-16F7-4668-BE54-9A1E7A4F7556}") = "Catalog.API", "Services\Catalog\Catalog.API\Catalog.API.csproj", "{86785559-3CDE-4530-8065-3DBDC426F60F}"
EndProject
Project("{E53339B2-1760-4266-BCC7-CA923CBCF16C}") = "docker-compose", "docker-compose.dcproj", "{D9E29885-5CE4-4EC5-8ADF-F27A2B93B782}"
EndProject
Project("{2150E333-8FDC-42A3-9474-1A3956D46DE8}") = "Basket", "Basket", "{41CF7476-39E1-450F-9D01-E6D1B6938520}"
EndProject
Project("{FAE04EC0-301F-11D3-BF4B-00C04F79EFBC}") = "Basket.API", "Services\Basket\Basket.API\Basket.API.csproj", "{0928451C-37C7-471A-9880-F5483A63B89D}"
EndProject
Project("{2150E333-8FDC-42A3-9474-1A3956D46DE8}") = "Discount", "Discount", "{79920405-79C4-4993-B9CB-AF36187C4FB0}"
EndProject
Project("{FAE04EC0-301F-11D3-BF4B-00C04F79EFBC}") = "Discount.API", "Services\Discount\Discount.API\Discount.API.csproj", "{25FCBB53-0C22-4415-87B8-D64A2B5141EE}"
EndProject
Project("{FAE04EC0-301F-11D3-BF4B-00C04F79EFBC}") = "Discount.Grpc", "Services\Discount\Discount.Grpc\Discount.Grpc.csproj", "{2A90EFF9-11B5-4D4C-B28F-9FA5BA4CF373}"
EndProject
Global
	GlobalSection(SolutionConfigurationPlatforms) = preSolution
		Debug|Any CPU = Debug|Any CPU
		Release|Any CPU = Release|Any CPU
	EndGlobalSection
	GlobalSection(ProjectConfigurationPlatforms) = postSolution
		{86785559-3CDE-4530-8065-3DBDC426F60F}.Debug|Any CPU.ActiveCfg = Debug|Any CPU
		{86785559-3CDE-4530-8065-3DBDC426F60F}.Debug|Any CPU.Build.0 = Debug|Any CPU
		{86785559-3CDE-4530-8065-3DBDC426F60F}.Release|Any CPU.ActiveCfg = Release|Any CPU
		{86785559-3CDE-4530-8065-3DBDC426F60F}.Release|Any CPU.Build.0 = Release|Any CPU
		{D9E29885-5CE4-4EC5-8ADF-F27A2B93B782}.Debug|Any CPU.ActiveCfg = Debug|Any CPU
		{D9E29885-5CE4-4EC5-8ADF-F27A2B93B782}.Debug|Any CPU.Build.0 = Debug|Any CPU
		{D9E29885-5CE4-4EC5-8ADF-F27A2B93B782}.Release|Any CPU.ActiveCfg = Release|Any CPU
		{D9E29885-5CE4-4EC5-8ADF-F27A2B93B782}.Release|Any CPU.Build.0 = Release|Any CPU
		{0928451C-37C7-471A-9880-F5483A63B89D}.Debug|Any CPU.ActiveCfg = Debug|Any CPU
		{0928451C-37C7-471A-9880-F5483A63B89D}.Debug|Any CPU.Build.0 = Debug|Any CPU
		{0928451C-37C7-471A-9880-F5483A63B89D}.Release|Any CPU.ActiveCfg = Release|Any CPU
		{0928451C-37C7-471A-9880-F5483A63B89D}.Release|Any CPU.Build.0 = Release|Any CPU
		{25FCBB53-0C22-4415-87B8-D64A2B5141EE}.Debug|Any CPU.ActiveCfg = Debug|Any CPU
		{25FCBB53-0C22-4415-87B8-D64A2B5141EE}.Debug|Any CPU.Build.0 = Debug|Any CPU
		{25FCBB53-0C22-4415-87B8-D64A2B5141EE}.Release|Any CPU.ActiveCfg = Release|Any CPU
		{25FCBB53-0C22-4415-87B8-D64A2B5141EE}.Release|Any CPU.Build.0 = Release|Any CPU
		{2A90EFF9-11B5-4D4C-B28F-9FA5BA4CF373}.Debug|Any CPU.ActiveCfg = Debug|Any CPU
		{2A90EFF9-11B5-4D4C-B28F-9FA5BA4CF373}.Debug|Any CPU.Build.0 = Debug|Any CPU
		{2A90EFF9-11B5-4D4C-B28F-9FA5BA4CF373}.Release|Any CPU.ActiveCfg = Release|Any CPU
		{2A90EFF9-11B5-4D4C-B28F-9FA5BA4CF373}.Release|Any CPU.Build.0 = Release|Any CPU
	EndGlobalSection
	GlobalSection(SolutionProperties) = preSolution
		HideSolutionNode = FALSE
	EndGlobalSection
	GlobalSection(NestedProjects) = preSolution
		{16E2D99E-C287-4C74-B11F-C38DB8A49464} = {A9DFC1A0-CF10-44B7-8CC1-D2C5483F0EEB}
		{86785559-3CDE-4530-8065-3DBDC426F60F} = {16E2D99E-C287-4C74-B11F-C38DB8A49464}
		{41CF7476-39E1-450F-9D01-E6D1B6938520} = {A9DFC1A0-CF10-44B7-8CC1-D2C5483F0EEB}
		{0928451C-37C7-471A-9880-F5483A63B89D} = {41CF7476-39E1-450F-9D01-E6D1B6938520}
		{79920405-79C4-4993-B9CB-AF36187C4FB0} = {A9DFC1A0-CF10-44B7-8CC1-D2C5483F0EEB}
		{25FCBB53-0C22-4415-87B8-D64A2B5141EE} = {79920405-79C4-4993-B9CB-AF36187C4FB0}
		{2A90EFF9-11B5-4D4C-B28F-9FA5BA4CF373} = {79920405-79C4-4993-B9CB-AF36187C4FB0}
	EndGlobalSection
	GlobalSection(ExtensibilityGlobals) = postSolution
		SolutionGuid = {2FBC7490-662D-4F71-AEE4-F73AABDD04FD}
	EndGlobalSection
EndGlobal
